{
    "name": "ice3",
    "version": "1.0.0",
    "lockfileVersion": 3,
    "requires": true,
    "packages": {
        "": {
            "name": "ice3",
            "version": "1.0.0",
            "license": "ISC",
            "dependencies": {
                "nexus": "^1.3.0",
                "nexusui": "^2.1.6",
                "tone": "^14.7.77"
            }
        },
        "node_modules/@babel/runtime": {
            "version": "7.24.4",
            "resolved": "https://registry.npmjs.org/@babel/runtime/-/runtime-7.24.4.tgz",
            "integrity": "sha512-dkxf7+hn8mFBwKjs9bvBlArzLVxVbS8usaPUDd5p2a9JCL9tB8OaOVN1isD4+Xyk4ns89/xeOmbQvgdK7IIVdA==",
            "dependencies": {
                "regenerator-runtime": "^0.14.0"
            },
            "engines": {
                "node": ">=6.9.0"
            }
        },
        "node_modules/automation-events": {
            "version": "7.0.4",
            "resolved": "https://registry.npmjs.org/automation-events/-/automation-events-7.0.4.tgz",
            "integrity": "sha512-uM5VFyhksP/GzzOuGi/ygeI16ked+IA5enGLH9b+BvxUSDnfAWC54RZnnem/iprEKtuWV29FX5gvYcesPAgPAw==",
            "dependencies": {
                "@babel/runtime": "^7.24.4",
                "tslib": "^2.6.2"
            },
            "engines": {
                "node": ">=18.2.0"
            }
        },
        "node_modules/graphql": {
            "version": "16.8.1",
            "resolved": "https://registry.npmjs.org/graphql/-/graphql-16.8.1.tgz",
            "integrity": "sha512-59LZHPdGZVh695Ud9lRzPBVTtlX9ZCV150Er2W43ro37wVof0ctenSaskPPjN7lVTIN8mSZt8PHUNKZuNQUuxw==",
            "peer": true,
            "engines": {
                "node": "^12.22.0 || ^14.16.0 || ^16.0.0 || >=17.0.0"
            }
        },
        "node_modules/iterall": {
            "version": "1.3.0",
            "resolved": "https://registry.npmjs.org/iterall/-/iterall-1.3.0.tgz",
            "integrity": "sha512-QZ9qOMdF+QLHxy1QIpUHUU1D5pS2CG2P69LF6L6CPjPYA/XMOmKV3PZpawHoAjHNyB0swdVTRxdYT4tbBbxqwg=="
        },
        "node_modules/nexus": {
            "version": "1.3.0",
            "resolved": "https://registry.npmjs.org/nexus/-/nexus-1.3.0.tgz",
            "integrity": "sha512-w/s19OiNOs0LrtP7pBmD9/FqJHvZLmCipVRt6v1PM8cRUYIbhEswyNKGHVoC4eHZGPSnD+bOf5A3+gnbt0A5/A==",
            "dependencies": {
                "iterall": "^1.3.0",
                "tslib": "^2.0.3"
            },
            "peerDependencies": {
                "graphql": "15.x || 16.x"
            }
        },
        "node_modules/nexusui": {
            "version": "2.1.6",
            "resolved": "https://registry.npmjs.org/nexusui/-/nexusui-2.1.6.tgz",
            "integrity": "sha512-tAtYZE82R8wvOp1GeW59TWCjSZksI5OVr+yS7tvF0LXOQnWkQW/WWCa7nqPeVXU7m1L3YjS+w76SnglpGOjA3w=="
        },
        "node_modules/regenerator-runtime": {
            "version": "0.14.1",
            "resolved": "https://registry.npmjs.org/regenerator-runtime/-/regenerator-runtime-0.14.1.tgz",
            "integrity": "sha512-dYnhHh0nJoMfnkZs6GmmhFknAGRrLznOu5nc9ML+EJxGvrx6H7teuevqVqCuPcPK//3eDrrjQhehXVx9cnkGdw=="
        },
        "node_modules/standardized-audio-context": {
            "version": "25.3.70",
            "resolved": "https://registry.npmjs.org/standardized-audio-context/-/standardized-audio-context-25.3.70.tgz",
            "integrity": "sha512-v07apb+yDztoTrYu6aU4DZGbbO/gkcyC/P+u+SCalDFq+eUp5kbQYnxS8Z/6tA2Vnm/YslhVaR5VzsCYafg3BQ==",
            "dependencies": {
                "@babel/runtime": "^7.24.4",
                "automation-events": "^7.0.4",
                "tslib": "^2.6.2"
            }
        },
        "node_modules/tone": {
            "version": "14.7.77",
            "resolved": "https://registry.npmjs.org/tone/-/tone-14.7.77.tgz",
            "integrity": "sha512-tCfK73IkLHyzoKUvGq47gyDyxiKLFvKiVCOobynGgBB9Dl0NkxTM2p+eRJXyCYrjJwy9Y0XCMqD3uOYsYt2Fdg==",
            "dependencies": {
                "standardized-audio-context": "^25.1.8",
                "tslib": "^2.0.1"
            }
        },
        "node_modules/tslib": {
            "version": "2.6.2",
            "resolved": "https://registry.npmjs.org/tslib/-/tslib-2.6.2.tgz",
            "integrity": "sha512-AEYxH93jGFPn/a2iVAwW87VuUIkR1FVUKB77NwMF7nBTDkDrrT/Hpt/IrCJ0QXhW27jTBDcf5ZY7w6RiqTMw2Q=="
        }
    }
}
